
Microsoft Visual Studio Solution File, Format Version 12.00
# Visual Studio 15
VisualStudioVersion = 15.0.27130.2027
MinimumVisualStudioVersion = 10.0.40219.1
Project("{FAE04EC0-301F-11D3-BF4B-00C04F79EFBC}") = "IntegrationTestingDemo.Domain", "IntegrationTestingDemo.Domain\IntegrationTestingDemo.Domain.csproj", "{7C2E8654-850E-49D8-B0A7-9425A310631F}"
EndProject
Project("{FAE04EC0-301F-11D3-BF4B-00C04F79EFBC}") = "IntegrationTestingDemo.Infra", "IntegrationTestingDemo.Infra\IntegrationTestingDemo.Infra.csproj", "{211E8C49-A3EE-4D05-97C9-53C2D82522E0}"
EndProject
Project("{FAE04EC0-301F-11D3-BF4B-00C04F79EFBC}") = "IntegrationTestingDemo.App", "IntegrationTestingDemo.App\IntegrationTestingDemo.App.csproj", "{1D07665C-8669-4B23-BED5-70F8ED7A2B6F}"
EndProject
Project("{FAE04EC0-301F-11D3-BF4B-00C04F79EFBC}") = "IntegrationTestingDemo.MVCWebApp", "IntegrationTestingDemo.MVCWebApp\IntegrationTestingDemo.MVCWebApp.csproj", "{EE51C7E8-80CC-42F3-A28B-4BB3771E5F9C}"
EndProject
Project("{FAE04EC0-301F-11D3-BF4B-00C04F79EFBC}") = "IntegrationTestingDemo.WebApi", "IntegrationTestingDemo.WebApi\IntegrationTestingDemo.WebApi.csproj", "{5719FF89-F14B-4DE5-AE2F-A760897346B9}"
EndProject
Project("{FAE04EC0-301F-11D3-BF4B-00C04F79EFBC}") = "IntegrationTestingDemo.Core", "IntegrationTestingDemo.Core\IntegrationTestingDemo.Core.csproj", "{8DD33F43-B10D-4A26-80E4-00EFFFFD2106}"
EndProject
Global
	GlobalSection(SolutionConfigurationPlatforms) = preSolution
		Debug|Any CPU = Debug|Any CPU
		Release|Any CPU = Release|Any CPU
	EndGlobalSection
	GlobalSection(ProjectConfigurationPlatforms) = postSolution
		{7C2E8654-850E-49D8-B0A7-9425A310631F}.Debug|Any CPU.ActiveCfg = Debug|Any CPU
		{7C2E8654-850E-49D8-B0A7-9425A310631F}.Debug|Any CPU.Build.0 = Debug|Any CPU
		{7C2E8654-850E-49D8-B0A7-9425A310631F}.Release|Any CPU.ActiveCfg = Release|Any CPU
		{7C2E8654-850E-49D8-B0A7-9425A310631F}.Release|Any CPU.Build.0 = Release|Any CPU
		{211E8C49-A3EE-4D05-97C9-53C2D82522E0}.Debug|Any CPU.ActiveCfg = Debug|Any CPU
		{211E8C49-A3EE-4D05-97C9-53C2D82522E0}.Debug|Any CPU.Build.0 = Debug|Any CPU
		{211E8C49-A3EE-4D05-97C9-53C2D82522E0}.Release|Any CPU.ActiveCfg = Release|Any CPU
		{211E8C49-A3EE-4D05-97C9-53C2D82522E0}.Release|Any CPU.Build.0 = Release|Any CPU
		{1D07665C-8669-4B23-BED5-70F8ED7A2B6F}.Debug|Any CPU.ActiveCfg = Debug|Any CPU
		{1D07665C-8669-4B23-BED5-70F8ED7A2B6F}.Debug|Any CPU.Build.0 = Debug|Any CPU
		{1D07665C-8669-4B23-BED5-70F8ED7A2B6F}.Release|Any CPU.ActiveCfg = Release|Any CPU
		{1D07665C-8669-4B23-BED5-70F8ED7A2B6F}.Release|Any CPU.Build.0 = Release|Any CPU
		{EE51C7E8-80CC-42F3-A28B-4BB3771E5F9C}.Debug|Any CPU.ActiveCfg = Debug|Any CPU
		{EE51C7E8-80CC-42F3-A28B-4BB3771E5F9C}.Debug|Any CPU.Build.0 = Debug|Any CPU
		{EE51C7E8-80CC-42F3-A28B-4BB3771E5F9C}.Release|Any CPU.ActiveCfg = Release|Any CPU
		{EE51C7E8-80CC-42F3-A28B-4BB3771E5F9C}.Release|Any CPU.Build.0 = Release|Any CPU
		{5719FF89-F14B-4DE5-AE2F-A760897346B9}.Debug|Any CPU.ActiveCfg = Debug|Any CPU
		{5719FF89-F14B-4DE5-AE2F-A760897346B9}.Debug|Any CPU.Build.0 = Debug|Any CPU
		{5719FF89-F14B-4DE5-AE2F-A760897346B9}.Release|Any CPU.ActiveCfg = Release|Any CPU
		{5719FF89-F14B-4DE5-AE2F-A760897346B9}.Release|Any CPU.Build.0 = Release|Any CPU
		{8DD33F43-B10D-4A26-80E4-00EFFFFD2106}.Debug|Any CPU.ActiveCfg = Debug|Any CPU
		{8DD33F43-B10D-4A26-80E4-00EFFFFD2106}.Debug|Any CPU.Build.0 = Debug|Any CPU
		{8DD33F43-B10D-4A26-80E4-00EFFFFD2106}.Release|Any CPU.ActiveCfg = Release|Any CPU
		{8DD33F43-B10D-4A26-80E4-00EFFFFD2106}.Release|Any CPU.Build.0 = Release|Any CPU
	EndGlobalSection
	GlobalSection(SolutionProperties) = preSolution
		HideSolutionNode = FALSE
	EndGlobalSection
	GlobalSection(ExtensibilityGlobals) = postSolution
		SolutionGuid = {2500AC46-42A9-4F7F-B2B1-CB65736D3F14}
	EndGlobalSection
EndGlobal
